{
  "version": 4,
  "terraform_version": "0.12.8",
  "serial": 7,
  "lineage": "d7156eb3-b329-81ea-f751-1d4d5db253e2",
  "outputs": {
    "ip": {
      "value": "34.83.114.19",
      "type": "string"
    }
  },
  "resources": [
    {
      "mode": "managed",
      "type": "google_compute_firewall",
      "name": "default",
      "provider": "provider.google",
      "instances": [
        {
          "schema_version": 1,
          "attributes": {
            "allow": [
              {
                "ports": [
                  "5000"
                ],
                "protocol": "tcp"
              }
            ],
            "creation_timestamp": "2019-09-17T00:13:48.208-07:00",
            "deny": [],
            "description": "",
            "destination_ranges": [],
            "direction": "INGRESS",
            "disabled": false,
            "id": "flask-app-firewall",
            "name": "flask-app-firewall",
            "network": "https://www.googleapis.com/compute/v1/projects/k8s-system/global/networks/default",
            "priority": 1000,
            "project": "k8s-system",
            "self_link": "https://www.googleapis.com/compute/v1/projects/k8s-system/global/firewalls/flask-app-firewall",
            "source_ranges": [
              "0.0.0.0/0"
            ],
            "source_service_accounts": null,
            "source_tags": null,
            "target_service_accounts": null,
            "target_tags": null,
            "timeouts": null
          },
          "private": "eyJlMmJmYjczMC1lY2FhLTExZTYtOGY4OC0zNDM2M2JjN2M0YzAiOnsiY3JlYXRlIjoyNDAwMDAwMDAwMDAsImRlbGV0ZSI6MjQwMDAwMDAwMDAwLCJ1cGRhdGUiOjI0MDAwMDAwMDAwMH0sInNjaGVtYV92ZXJzaW9uIjoiMSJ9"
        }
      ]
    },
    {
      "mode": "managed",
      "type": "google_compute_instance",
      "name": "default",
      "provider": "provider.google",
      "instances": [
        {
          "schema_version": 6,
          "attributes": {
            "allow_stopping_for_update": null,
            "attached_disk": [],
            "boot_disk": [
              {
                "auto_delete": true,
                "device_name": "persistent-disk-0",
                "disk_encryption_key_raw": "",
                "disk_encryption_key_sha256": "",
                "initialize_params": [
                  {
                    "image": "https://www.googleapis.com/compute/v1/projects/debian-cloud/global/images/debian-9-stretch-v20190905",
                    "labels": {},
                    "size": 10,
                    "type": "pd-standard"
                  }
                ],
                "kms_key_self_link": "",
                "source": "https://www.googleapis.com/compute/v1/projects/k8s-system/zones/us-west1-a/disks/flask-vm-eac6db1b64b9f8c4"
              }
            ],
            "can_ip_forward": false,
            "cpu_platform": "Intel Broadwell",
            "deletion_protection": false,
            "description": "",
            "disk": [],
            "guest_accelerator": [],
            "hostname": "",
            "id": "flask-vm-eac6db1b64b9f8c4",
            "instance_id": "7779079845724738147",
            "label_fingerprint": "42WmSpB8rSM=",
            "labels": {},
            "machine_type": "f1-micro",
            "metadata": {
              "ssh-keys": "global:ssh-rsa AAAAB3NzaC1yc2EAAAADAQABAAABAQC7staImNVdeUX46NGivEMX4J3SYXRML/5lB9kGIXbKPqsP24DnsxkcnvgOQVQ7hgAXGS/wtF+aYPdm2lYixpayNl98BCts0VRnWGDufcFVz2sRXdqkAGJQu3//APTSIonjwZSycH7B0i9oz7JKKFy/3gBO10UCo1EO79i8VdmNv98YJSNoV4UCQjW39z/79ENY86i1FWxiEmU7AYucpH/oV1sTS1qu0nAz0uO9fzpQEUGGcQKdhGuogFMyxsuT+CGitdfdWy+Hqzvmc7Q7NwqN3glCsAA0oLyVrpSY/rtkDa2EIPHEr4o5oMS3yAfGLNJRYLbX3UoZeUgaJ/59it8T suramya.shah@pearson.com\n"
            },
            "metadata_fingerprint": "YQeayeLmuTA=",
            "metadata_startup_script": "sudo apt-get update; sudo apt-get install -yq build-essential python-pip rsync; pip install flask",
            "min_cpu_platform": "",
            "name": "flask-vm-eac6db1b64b9f8c4",
            "network_interface": [
              {
                "access_config": [
                  {
                    "assigned_nat_ip": "",
                    "nat_ip": "34.83.114.19",
                    "network_tier": "PREMIUM",
                    "public_ptr_domain_name": ""
                  }
                ],
                "address": "",
                "alias_ip_range": [],
                "name": "nic0",
                "network": "https://www.googleapis.com/compute/v1/projects/k8s-system/global/networks/default",
                "network_ip": "10.138.0.2",
                "subnetwork": "https://www.googleapis.com/compute/v1/projects/k8s-system/regions/us-west1/subnetworks/default",
                "subnetwork_project": "k8s-system"
              }
            ],
            "project": "k8s-system",
            "scheduling": [
              {
                "automatic_restart": true,
                "node_affinities": [],
                "on_host_maintenance": "MIGRATE",
                "preemptible": false
              }
            ],
            "scratch_disk": [],
            "self_link": "https://www.googleapis.com/compute/v1/projects/k8s-system/zones/us-west1-a/instances/flask-vm-eac6db1b64b9f8c4",
            "service_account": [],
            "shielded_instance_config": [],
            "tags": [],
            "tags_fingerprint": "42WmSpB8rSM=",
            "timeouts": null,
            "zone": "us-west1-a"
          },
          "private": "eyJlMmJmYjczMC1lY2FhLTExZTYtOGY4OC0zNDM2M2JjN2M0YzAiOnsiY3JlYXRlIjoxMjAwMDAwMDAwMDAwLCJkZWxldGUiOjEyMDAwMDAwMDAwMDAsInVwZGF0ZSI6MTIwMDAwMDAwMDAwMH0sInNjaGVtYV92ZXJzaW9uIjoiNiJ9",
          "depends_on": [
            "random_id.instance_id"
          ]
        }
      ]
    },
    {
      "mode": "managed",
      "type": "random_id",
      "name": "instance_id",
      "provider": "provider.random",
      "instances": [
        {
          "schema_version": 0,
          "attributes": {
            "b64": "6sbbG2S5-MQ",
            "b64_std": "6sbbG2S5+MQ=",
            "b64_url": "6sbbG2S5-MQ",
            "byte_length": 8,
            "dec": "16917449960964356292",
            "hex": "eac6db1b64b9f8c4",
            "id": "6sbbG2S5-MQ",
            "keepers": null,
            "prefix": null
          }
        }
      ]
    }
  ]
}
